
Microsoft Visual Studio Solution File, Format Version 12.00
# Visual Studio Express 14 for Windows Desktop
VisualStudioVersion = 14.0.25123.0
MinimumVisualStudioVersion = 10.0.40219.1
Project("{FAE04EC0-301F-11D3-BF4B-00C04F79EFBC}") = "NPetrovichLite", "NPetrovichLite\NPetrovichLite.csproj", "{41820B71-81DC-425A-84C7-1D1F8D2714A0}"
EndProject
Project("{FAE04EC0-301F-11D3-BF4B-00C04F79EFBC}") = "NPetrovichLite.Tests", "NPetrovichLite.Tests\NPetrovichLite.Tests.csproj", "{D9C6DF5D-81E0-40F8-A888-7B186D19E7CC}"
EndProject
Global
	GlobalSection(SolutionConfigurationPlatforms) = preSolution
		Debug|Any CPU = Debug|Any CPU
		Release|Any CPU = Release|Any CPU
	EndGlobalSection
	GlobalSection(ProjectConfigurationPlatforms) = postSolution
		{41820B71-81DC-425A-84C7-1D1F8D2714A0}.Debug|Any CPU.ActiveCfg = Debug|Any CPU
		{41820B71-81DC-425A-84C7-1D1F8D2714A0}.Debug|Any CPU.Build.0 = Debug|Any CPU
		{41820B71-81DC-425A-84C7-1D1F8D2714A0}.Release|Any CPU.ActiveCfg = Release|Any CPU
		{41820B71-81DC-425A-84C7-1D1F8D2714A0}.Release|Any CPU.Build.0 = Release|Any CPU
		{D9C6DF5D-81E0-40F8-A888-7B186D19E7CC}.Debug|Any CPU.ActiveCfg = Debug|Any CPU
		{D9C6DF5D-81E0-40F8-A888-7B186D19E7CC}.Debug|Any CPU.Build.0 = Debug|Any CPU
		{D9C6DF5D-81E0-40F8-A888-7B186D19E7CC}.Release|Any CPU.ActiveCfg = Release|Any CPU
		{D9C6DF5D-81E0-40F8-A888-7B186D19E7CC}.Release|Any CPU.Build.0 = Release|Any CPU
	EndGlobalSection
	GlobalSection(SolutionProperties) = preSolution
		HideSolutionNode = FALSE
	EndGlobalSection
EndGlobal
